// !$*UTF8*$!
{
	archiveVersion = 1;
	classes = {
	};
	objectVersion = 55;
	objects = {

/* Begin PBXBuildFile section */
		0832EDD028DEF0AD009BE125 /* NetworkService.swift in Sources */ = {isa = PBXBuildFile; fileRef = 0832EDCF28DEF0AD009BE125 /* NetworkService.swift */; };
		0832EDD328DEF0E9009BE125 /* NetworkServiceProtocol.swift in Sources */ = {isa = PBXBuildFile; fileRef = 0832EDD228DEF0E9009BE125 /* NetworkServiceProtocol.swift */; };
		0832EDD528DEF111009BE125 /* NetworkService+StringPath.swift in Sources */ = {isa = PBXBuildFile; fileRef = 0832EDD428DEF111009BE125 /* NetworkService+StringPath.swift */; };
		0832EDD828DEF229009BE125 /* Alamofire in Frameworks */ = {isa = PBXBuildFile; productRef = 0832EDD728DEF229009BE125 /* Alamofire */; };
		0832EDDA28DEF2CF009BE125 /* BaseConfig.swift in Sources */ = {isa = PBXBuildFile; fileRef = 0832EDD928DEF2CF009BE125 /* BaseConfig.swift */; };
		0832EDDC28DEF302009BE125 /* BaseError.swift in Sources */ = {isa = PBXBuildFile; fileRef = 0832EDDB28DEF302009BE125 /* BaseError.swift */; };
		0832EDDE28DEF364009BE125 /* BaseResponse.swift in Sources */ = {isa = PBXBuildFile; fileRef = 0832EDDD28DEF364009BE125 /* BaseResponse.swift */; };
		0832EDE028DEF3B5009BE125 /* EmptyModel.swift in Sources */ = {isa = PBXBuildFile; fileRef = 0832EDDF28DEF3B5009BE125 /* EmptyModel.swift */; };
		0832EDE228DEF40A009BE125 /* Codable+Alamofire.swift in Sources */ = {isa = PBXBuildFile; fileRef = 0832EDE128DEF40A009BE125 /* Codable+Alamofire.swift */; };
		0832EDE428DEFB22009BE125 /* ApplicationConstants.swift in Sources */ = {isa = PBXBuildFile; fileRef = 0832EDE328DEFB22009BE125 /* ApplicationConstants.swift */; };
		0832EDE628DF00D1009BE125 /* StatusCodes.swift in Sources */ = {isa = PBXBuildFile; fileRef = 0832EDE528DF00D1009BE125 /* StatusCodes.swift */; };
		0832EDE928DF0F27009BE125 /* NetworkManagerProtocol.swift in Sources */ = {isa = PBXBuildFile; fileRef = 0832EDE828DF0F27009BE125 /* NetworkManagerProtocol.swift */; };
		0832EDEC28DF1AC5009BE125 /* NetworkPath.swift in Sources */ = {isa = PBXBuildFile; fileRef = 0832EDEB28DF1AC5009BE125 /* NetworkPath.swift */; };
		0832EDEE28DF2844009BE125 /* HomeService.swift in Sources */ = {isa = PBXBuildFile; fileRef = 0832EDED28DF2844009BE125 /* HomeService.swift */; };
		0832EDF028DF2855009BE125 /* HomeServiceProtocol.swift in Sources */ = {isa = PBXBuildFile; fileRef = 0832EDEF28DF2855009BE125 /* HomeServiceProtocol.swift */; };
		0832EDF228DF2CE3009BE125 /* GameModel.swift in Sources */ = {isa = PBXBuildFile; fileRef = 0832EDF128DF2CE3009BE125 /* GameModel.swift */; };
		085817A028E4EC1A00BD13B1 /* HomeViewModelProtocol.swift in Sources */ = {isa = PBXBuildFile; fileRef = 0858179F28E4EC1A00BD13B1 /* HomeViewModelProtocol.swift */; };
		086E449128C94177009E0A03 /* AppDelegate.swift in Sources */ = {isa = PBXBuildFile; fileRef = 086E449028C94177009E0A03 /* AppDelegate.swift */; };
		086E449B28C94177009E0A03 /* GameRatingAppSwift.xcdatamodeld in Sources */ = {isa = PBXBuildFile; fileRef = 086E449928C94177009E0A03 /* GameRatingAppSwift.xcdatamodeld */; };
		086E449D28C94177009E0A03 /* Assets.xcassets in Resources */ = {isa = PBXBuildFile; fileRef = 086E449C28C94177009E0A03 /* Assets.xcassets */; };
		086E44A028C94177009E0A03 /* LaunchScreen.storyboard in Resources */ = {isa = PBXBuildFile; fileRef = 086E449E28C94177009E0A03 /* LaunchScreen.storyboard */; };
		086E44AB28C94177009E0A03 /* GameRatingAppSwiftTests.swift in Sources */ = {isa = PBXBuildFile; fileRef = 086E44AA28C94177009E0A03 /* GameRatingAppSwiftTests.swift */; };
		086E44B528C94177009E0A03 /* GameRatingAppSwiftUITests.swift in Sources */ = {isa = PBXBuildFile; fileRef = 086E44B428C94177009E0A03 /* GameRatingAppSwiftUITests.swift */; };
		086E44B728C94177009E0A03 /* GameRatingAppSwiftUITestsLaunchTests.swift in Sources */ = {isa = PBXBuildFile; fileRef = 086E44B628C94177009E0A03 /* GameRatingAppSwiftUITestsLaunchTests.swift */; };
		086E44D928C953DF009E0A03 /* HomeViewModel.swift in Sources */ = {isa = PBXBuildFile; fileRef = 086E44D828C953DF009E0A03 /* HomeViewModel.swift */; };
		0882D6B128CCAD90008A469C /* UILabel+.swift in Sources */ = {isa = PBXBuildFile; fileRef = 0882D6B028CCAD90008A469C /* UILabel+.swift */; };
		0882D6B328CCAD9C008A469C /* UIScrollView+.swift in Sources */ = {isa = PBXBuildFile; fileRef = 0882D6B228CCAD9C008A469C /* UIScrollView+.swift */; };
		0882D6B528CCADA5008A469C /* UIView+.swift in Sources */ = {isa = PBXBuildFile; fileRef = 0882D6B428CCADA5008A469C /* UIView+.swift */; };
		0882D6B828CCC58C008A469C /* Kingfisher in Frameworks */ = {isa = PBXBuildFile; productRef = 0882D6B728CCC58C008A469C /* Kingfisher */; };
		0888EE5828E4F55F005763AF /* HomeDataSource.swift in Sources */ = {isa = PBXBuildFile; fileRef = 0888EE5728E4F55F005763AF /* HomeDataSource.swift */; };
		0888EE5A28E4F56A005763AF /* HomeTableViewProtocol.swift in Sources */ = {isa = PBXBuildFile; fileRef = 0888EE5928E4F56A005763AF /* HomeTableViewProtocol.swift */; };
		08C6AAE428CC6E2900B0000B /* HomeVC.swift in Sources */ = {isa = PBXBuildFile; fileRef = 08C6AAE328CC6E2900B0000B /* HomeVC.swift */; };
		08C6AAE628CC6EB500B0000B /* FavoriteListVC.swift in Sources */ = {isa = PBXBuildFile; fileRef = 08C6AAE528CC6EB500B0000B /* FavoriteListVC.swift */; };
		08C6AAEA28CC726B00B0000B /* SceneDelegate.swift in Sources */ = {isa = PBXBuildFile; fileRef = 08C6AAE928CC726B00B0000B /* SceneDelegate.swift */; };
/* End PBXBuildFile section */

/* Begin PBXContainerItemProxy section */
		086E44A728C94177009E0A03 /* PBXContainerItemProxy */ = {
			isa = PBXContainerItemProxy;
			containerPortal = 086E448528C94176009E0A03 /* Project object */;
			proxyType = 1;
			remoteGlobalIDString = 086E448C28C94176009E0A03;
			remoteInfo = GameRatingAppSwift;
		};
		086E44B128C94177009E0A03 /* PBXContainerItemProxy */ = {
			isa = PBXContainerItemProxy;
			containerPortal = 086E448528C94176009E0A03 /* Project object */;
			proxyType = 1;
			remoteGlobalIDString = 086E448C28C94176009E0A03;
			remoteInfo = GameRatingAppSwift;
		};
/* End PBXContainerItemProxy section */

/* Begin PBXFileReference section */
		0832EDCF28DEF0AD009BE125 /* NetworkService.swift */ = {isa = PBXFileReference; lastKnownFileType = sourcecode.swift; path = NetworkService.swift; sourceTree = "<group>"; };
		0832EDD228DEF0E9009BE125 /* NetworkServiceProtocol.swift */ = {isa = PBXFileReference; lastKnownFileType = sourcecode.swift; path = NetworkServiceProtocol.swift; sourceTree = "<group>"; };
		0832EDD428DEF111009BE125 /* NetworkService+StringPath.swift */ = {isa = PBXFileReference; lastKnownFileType = sourcecode.swift; path = "NetworkService+StringPath.swift"; sourceTree = "<group>"; };
		0832EDD928DEF2CF009BE125 /* BaseConfig.swift */ = {isa = PBXFileReference; lastKnownFileType = sourcecode.swift; path = BaseConfig.swift; sourceTree = "<group>"; };
		0832EDDB28DEF302009BE125 /* BaseError.swift */ = {isa = PBXFileReference; lastKnownFileType = sourcecode.swift; path = BaseError.swift; sourceTree = "<group>"; };
		0832EDDD28DEF364009BE125 /* BaseResponse.swift */ = {isa = PBXFileReference; lastKnownFileType = sourcecode.swift; path = BaseResponse.swift; sourceTree = "<group>"; };
		0832EDDF28DEF3B5009BE125 /* EmptyModel.swift */ = {isa = PBXFileReference; lastKnownFileType = sourcecode.swift; path = EmptyModel.swift; sourceTree = "<group>"; };
		0832EDE128DEF40A009BE125 /* Codable+Alamofire.swift */ = {isa = PBXFileReference; lastKnownFileType = sourcecode.swift; path = "Codable+Alamofire.swift"; sourceTree = "<group>"; };
		0832EDE328DEFB22009BE125 /* ApplicationConstants.swift */ = {isa = PBXFileReference; lastKnownFileType = sourcecode.swift; path = ApplicationConstants.swift; sourceTree = "<group>"; };
		0832EDE528DF00D1009BE125 /* StatusCodes.swift */ = {isa = PBXFileReference; lastKnownFileType = sourcecode.swift; path = StatusCodes.swift; sourceTree = "<group>"; };
		0832EDE828DF0F27009BE125 /* NetworkManagerProtocol.swift */ = {isa = PBXFileReference; lastKnownFileType = sourcecode.swift; path = NetworkManagerProtocol.swift; sourceTree = "<group>"; };
		0832EDEB28DF1AC5009BE125 /* NetworkPath.swift */ = {isa = PBXFileReference; lastKnownFileType = sourcecode.swift; path = NetworkPath.swift; sourceTree = "<group>"; };
		0832EDED28DF2844009BE125 /* HomeService.swift */ = {isa = PBXFileReference; lastKnownFileType = sourcecode.swift; path = HomeService.swift; sourceTree = "<group>"; };
		0832EDEF28DF2855009BE125 /* HomeServiceProtocol.swift */ = {isa = PBXFileReference; lastKnownFileType = sourcecode.swift; path = HomeServiceProtocol.swift; sourceTree = "<group>"; };
		0832EDF128DF2CE3009BE125 /* GameModel.swift */ = {isa = PBXFileReference; lastKnownFileType = sourcecode.swift; path = GameModel.swift; sourceTree = "<group>"; };
		0858179F28E4EC1A00BD13B1 /* HomeViewModelProtocol.swift */ = {isa = PBXFileReference; lastKnownFileType = sourcecode.swift; path = HomeViewModelProtocol.swift; sourceTree = "<group>"; };
		086E448D28C94177009E0A03 /* GameRatingAppSwift.app */ = {isa = PBXFileReference; explicitFileType = wrapper.application; includeInIndex = 0; path = GameRatingAppSwift.app; sourceTree = BUILT_PRODUCTS_DIR; };
		086E449028C94177009E0A03 /* AppDelegate.swift */ = {isa = PBXFileReference; lastKnownFileType = sourcecode.swift; path = AppDelegate.swift; sourceTree = "<group>"; };
		086E449A28C94177009E0A03 /* GameRatingAppSwift.xcdatamodel */ = {isa = PBXFileReference; lastKnownFileType = wrapper.xcdatamodel; path = GameRatingAppSwift.xcdatamodel; sourceTree = "<group>"; };
		086E449C28C94177009E0A03 /* Assets.xcassets */ = {isa = PBXFileReference; lastKnownFileType = folder.assetcatalog; path = Assets.xcassets; sourceTree = "<group>"; };
		086E449F28C94177009E0A03 /* Base */ = {isa = PBXFileReference; lastKnownFileType = file.storyboard; name = Base; path = Base.lproj/LaunchScreen.storyboard; sourceTree = "<group>"; };
		086E44A128C94177009E0A03 /* Info.plist */ = {isa = PBXFileReference; lastKnownFileType = text.plist.xml; path = Info.plist; sourceTree = "<group>"; };
		086E44A628C94177009E0A03 /* GameRatingAppSwiftTests.xctest */ = {isa = PBXFileReference; explicitFileType = wrapper.cfbundle; includeInIndex = 0; path = GameRatingAppSwiftTests.xctest; sourceTree = BUILT_PRODUCTS_DIR; };
		086E44AA28C94177009E0A03 /* GameRatingAppSwiftTests.swift */ = {isa = PBXFileReference; lastKnownFileType = sourcecode.swift; path = GameRatingAppSwiftTests.swift; sourceTree = "<group>"; };
		086E44B028C94177009E0A03 /* GameRatingAppSwiftUITests.xctest */ = {isa = PBXFileReference; explicitFileType = wrapper.cfbundle; includeInIndex = 0; path = GameRatingAppSwiftUITests.xctest; sourceTree = BUILT_PRODUCTS_DIR; };
		086E44B428C94177009E0A03 /* GameRatingAppSwiftUITests.swift */ = {isa = PBXFileReference; lastKnownFileType = sourcecode.swift; path = GameRatingAppSwiftUITests.swift; sourceTree = "<group>"; };
		086E44B628C94177009E0A03 /* GameRatingAppSwiftUITestsLaunchTests.swift */ = {isa = PBXFileReference; lastKnownFileType = sourcecode.swift; path = GameRatingAppSwiftUITestsLaunchTests.swift; sourceTree = "<group>"; };
		086E44D828C953DF009E0A03 /* HomeViewModel.swift */ = {isa = PBXFileReference; lastKnownFileType = sourcecode.swift; path = HomeViewModel.swift; sourceTree = "<group>"; };
		0882D6B028CCAD90008A469C /* UILabel+.swift */ = {isa = PBXFileReference; lastKnownFileType = sourcecode.swift; path = "UILabel+.swift"; sourceTree = "<group>"; };
		0882D6B228CCAD9C008A469C /* UIScrollView+.swift */ = {isa = PBXFileReference; lastKnownFileType = sourcecode.swift; path = "UIScrollView+.swift"; sourceTree = "<group>"; };
		0882D6B428CCADA5008A469C /* UIView+.swift */ = {isa = PBXFileReference; lastKnownFileType = sourcecode.swift; path = "UIView+.swift"; sourceTree = "<group>"; };
		0888EE5728E4F55F005763AF /* HomeDataSource.swift */ = {isa = PBXFileReference; lastKnownFileType = sourcecode.swift; path = HomeDataSource.swift; sourceTree = "<group>"; };
		0888EE5928E4F56A005763AF /* HomeTableViewProtocol.swift */ = {isa = PBXFileReference; lastKnownFileType = sourcecode.swift; path = HomeTableViewProtocol.swift; sourceTree = "<group>"; };
		08C6AAE328CC6E2900B0000B /* HomeVC.swift */ = {isa = PBXFileReference; lastKnownFileType = sourcecode.swift; path = HomeVC.swift; sourceTree = "<group>"; };
		08C6AAE528CC6EB500B0000B /* FavoriteListVC.swift */ = {isa = PBXFileReference; lastKnownFileType = sourcecode.swift; path = FavoriteListVC.swift; sourceTree = "<group>"; };
		08C6AAE928CC726B00B0000B /* SceneDelegate.swift */ = {isa = PBXFileReference; lastKnownFileType = sourcecode.swift; path = SceneDelegate.swift; sourceTree = "<group>"; };
/* End PBXFileReference section */

/* Begin PBXFrameworksBuildPhase section */
		086E448A28C94176009E0A03 /* Frameworks */ = {
			isa = PBXFrameworksBuildPhase;
			buildActionMask = 2147483647;
			files = (
				0882D6B828CCC58C008A469C /* Kingfisher in Frameworks */,
				0832EDD828DEF229009BE125 /* Alamofire in Frameworks */,
			);
			runOnlyForDeploymentPostprocessing = 0;
		};
		086E44A328C94177009E0A03 /* Frameworks */ = {
			isa = PBXFrameworksBuildPhase;
			buildActionMask = 2147483647;
			files = (
			);
			runOnlyForDeploymentPostprocessing = 0;
		};
		086E44AD28C94177009E0A03 /* Frameworks */ = {
			isa = PBXFrameworksBuildPhase;
			buildActionMask = 2147483647;
			files = (
			);
			runOnlyForDeploymentPostprocessing = 0;
		};
/* End PBXFrameworksBuildPhase section */

/* Begin PBXGroup section */
		0832EDCB28DEF087009BE125 /* Enums */ = {
			isa = PBXGroup;
			children = (
				0832EDE528DF00D1009BE125 /* StatusCodes.swift */,
			);
			path = Enums;
			sourceTree = "<group>";
		};
		0832EDCC28DEF08D009BE125 /* Extension */ = {
			isa = PBXGroup;
			children = (
				0832EDD428DEF111009BE125 /* NetworkService+StringPath.swift */,
			);
			path = Extension;
			sourceTree = "<group>";
		};
		0832EDCD28DEF095009BE125 /* Model */ = {
			isa = PBXGroup;
			children = (
				0832EDD928DEF2CF009BE125 /* BaseConfig.swift */,
				0832EDDB28DEF302009BE125 /* BaseError.swift */,
				0832EDDD28DEF364009BE125 /* BaseResponse.swift */,
				0832EDDF28DEF3B5009BE125 /* EmptyModel.swift */,
			);
			path = Model;
			sourceTree = "<group>";
		};
		0832EDCE28DEF09B009BE125 /* Protocols */ = {
			isa = PBXGroup;
			children = (
				0832EDD228DEF0E9009BE125 /* NetworkServiceProtocol.swift */,
			);
			path = Protocols;
			sourceTree = "<group>";
		};
		0832EDE728DF0F12009BE125 /* Protocol */ = {
			isa = PBXGroup;
			children = (
				0832EDE828DF0F27009BE125 /* NetworkManagerProtocol.swift */,
			);
			path = Protocol;
			sourceTree = "<group>";
		};
		0832EDEA28DF1ABB009BE125 /* Enums */ = {
			isa = PBXGroup;
			children = (
				0832EDEB28DF1AC5009BE125 /* NetworkPath.swift */,
			);
			path = Enums;
			sourceTree = "<group>";
		};
		085817A128E4F50400BD13B1 /* TableView */ = {
			isa = PBXGroup;
			children = (
				0888EE5728E4F55F005763AF /* HomeDataSource.swift */,
				0888EE5928E4F56A005763AF /* HomeTableViewProtocol.swift */,
			);
			path = TableView;
			sourceTree = "<group>";
		};
		086E448428C94176009E0A03 = {
			isa = PBXGroup;
			children = (
				086E448F28C94177009E0A03 /* GameRatingAppSwift */,
				086E44A928C94177009E0A03 /* GameRatingAppSwiftTests */,
				086E44B328C94177009E0A03 /* GameRatingAppSwiftUITests */,
				086E448E28C94177009E0A03 /* Products */,
			);
			sourceTree = "<group>";
		};
		086E448E28C94177009E0A03 /* Products */ = {
			isa = PBXGroup;
			children = (
				086E448D28C94177009E0A03 /* GameRatingAppSwift.app */,
				086E44A628C94177009E0A03 /* GameRatingAppSwiftTests.xctest */,
				086E44B028C94177009E0A03 /* GameRatingAppSwiftUITests.xctest */,
			);
			name = Products;
			sourceTree = "<group>";
		};
		086E448F28C94177009E0A03 /* GameRatingAppSwift */ = {
			isa = PBXGroup;
			children = (
				086E44C328C944FF009E0A03 /* Core */,
				086E44C428C94505009E0A03 /* Features */,
				086E44CB28C94D9A009E0A03 /* Product */,
				086E449C28C94177009E0A03 /* Assets.xcassets */,
				086E44A128C94177009E0A03 /* Info.plist */,
				086E449928C94177009E0A03 /* GameRatingAppSwift.xcdatamodeld */,
			);
			path = GameRatingAppSwift;
			sourceTree = "<group>";
		};
		086E44A928C94177009E0A03 /* GameRatingAppSwiftTests */ = {
			isa = PBXGroup;
			children = (
				086E44AA28C94177009E0A03 /* GameRatingAppSwiftTests.swift */,
			);
			path = GameRatingAppSwiftTests;
			sourceTree = "<group>";
		};
		086E44B328C94177009E0A03 /* GameRatingAppSwiftUITests */ = {
			isa = PBXGroup;
			children = (
				086E44B428C94177009E0A03 /* GameRatingAppSwiftUITests.swift */,
				086E44B628C94177009E0A03 /* GameRatingAppSwiftUITestsLaunchTests.swift */,
			);
			path = GameRatingAppSwiftUITests;
			sourceTree = "<group>";
		};
		086E44C328C944FF009E0A03 /* Core */ = {
			isa = PBXGroup;
			children = (
				086E44C828C94D49009E0A03 /* Network */,
				086E44C728C94D40009E0A03 /* Constants */,
				086E44C628C94D3A009E0A03 /* Extension */,
				086E44C528C94CE2009E0A03 /* Application */,
			);
			path = Core;
			sourceTree = "<group>";
		};
		086E44C428C94505009E0A03 /* Features */ = {
			isa = PBXGroup;
			children = (
				086E44C928C94D64009E0A03 /* Home */,
				086E44CA28C94D6A009E0A03 /* Favorites */,
			);
			path = Features;
			sourceTree = "<group>";
		};
		086E44C528C94CE2009E0A03 /* Application */ = {
			isa = PBXGroup;
			children = (
				086E449028C94177009E0A03 /* AppDelegate.swift */,
				086E449E28C94177009E0A03 /* LaunchScreen.storyboard */,
				08C6AAE928CC726B00B0000B /* SceneDelegate.swift */,
			);
			path = Application;
			sourceTree = "<group>";
		};
		086E44C628C94D3A009E0A03 /* Extension */ = {
			isa = PBXGroup;
			children = (
				0882D6B028CCAD90008A469C /* UILabel+.swift */,
				0882D6B228CCAD9C008A469C /* UIScrollView+.swift */,
				0882D6B428CCADA5008A469C /* UIView+.swift */,
				0832EDE128DEF40A009BE125 /* Codable+Alamofire.swift */,
			);
			path = Extension;
			sourceTree = "<group>";
		};
		086E44C728C94D40009E0A03 /* Constants */ = {
			isa = PBXGroup;
			children = (
				0832EDE328DEFB22009BE125 /* ApplicationConstants.swift */,
			);
			path = Constants;
			sourceTree = "<group>";
		};
		086E44C828C94D49009E0A03 /* Network */ = {
			isa = PBXGroup;
			children = (
				0832EDCE28DEF09B009BE125 /* Protocols */,
				0832EDCD28DEF095009BE125 /* Model */,
				0832EDCC28DEF08D009BE125 /* Extension */,
				0832EDCB28DEF087009BE125 /* Enums */,
				0832EDCF28DEF0AD009BE125 /* NetworkService.swift */,
			);
			path = Network;
			sourceTree = "<group>";
		};
		086E44C928C94D64009E0A03 /* Home */ = {
			isa = PBXGroup;
			children = (
				086E44D228C94E09009E0A03 /* Service */,
				086E44CF28C94DF5009E0A03 /* Model */,
				086E44D028C94E00009E0A03 /* View */,
				086E44D128C94E04009E0A03 /* ViewModel */,
			);
			path = Home;
			sourceTree = "<group>";
		};
		086E44CA28C94D6A009E0A03 /* Favorites */ = {
			isa = PBXGroup;
			children = (
				086E44D428C94E16009E0A03 /* Service */,
				086E44D328C94E0F009E0A03 /* Model */,
				086E44D528C94E1D009E0A03 /* View */,
				086E44D628C94E23009E0A03 /* ViewModel */,
			);
			path = Favorites;
			sourceTree = "<group>";
		};
		086E44CB28C94D9A009E0A03 /* Product */ = {
			isa = PBXGroup;
			children = (
				086E44CE28C94DEC009E0A03 /* Widget */,
				086E44CD28C94DE6009E0A03 /* Protocol */,
				086E44CC28C94DE1009E0A03 /* Network */,
			);
			path = Product;
			sourceTree = "<group>";
		};
		086E44CC28C94DE1009E0A03 /* Network */ = {
			isa = PBXGroup;
			children = (
				0832EDEA28DF1ABB009BE125 /* Enums */,
				0832EDE728DF0F12009BE125 /* Protocol */,
			);
			path = Network;
			sourceTree = "<group>";
		};
		086E44CD28C94DE6009E0A03 /* Protocol */ = {
			isa = PBXGroup;
			children = (
			);
			path = Protocol;
			sourceTree = "<group>";
		};
		086E44CE28C94DEC009E0A03 /* Widget */ = {
			isa = PBXGroup;
			children = (
			);
			path = Widget;
			sourceTree = "<group>";
		};
		086E44CF28C94DF5009E0A03 /* Model */ = {
			isa = PBXGroup;
			children = (
				0832EDF128DF2CE3009BE125 /* GameModel.swift */,
			);
			path = Model;
			sourceTree = "<group>";
		};
		086E44D028C94E00009E0A03 /* View */ = {
			isa = PBXGroup;
			children = (
				085817A128E4F50400BD13B1 /* TableView */,
				08C6AAE328CC6E2900B0000B /* HomeVC.swift */,
			);
			path = View;
			sourceTree = "<group>";
		};
		086E44D128C94E04009E0A03 /* ViewModel */ = {
			isa = PBXGroup;
			children = (
				086E44D828C953DF009E0A03 /* HomeViewModel.swift */,
				0858179F28E4EC1A00BD13B1 /* HomeViewModelProtocol.swift */,
			);
			path = ViewModel;
			sourceTree = "<group>";
		};
		086E44D228C94E09009E0A03 /* Service */ = {
			isa = PBXGroup;
			children = (
				0832EDED28DF2844009BE125 /* HomeService.swift */,
				0832EDEF28DF2855009BE125 /* HomeServiceProtocol.swift */,
			);
			path = Service;
			sourceTree = "<group>";
		};
		086E44D328C94E0F009E0A03 /* Model */ = {
			isa = PBXGroup;
			children = (
			);
			path = Model;
			sourceTree = "<group>";
		};
		086E44D428C94E16009E0A03 /* Service */ = {
			isa = PBXGroup;
			children = (
			);
			path = Service;
			sourceTree = "<group>";
		};
		086E44D528C94E1D009E0A03 /* View */ = {
			isa = PBXGroup;
			children = (
				08C6AAE528CC6EB500B0000B /* FavoriteListVC.swift */,
			);
			path = View;
			sourceTree = "<group>";
		};
		086E44D628C94E23009E0A03 /* ViewModel */ = {
			isa = PBXGroup;
			children = (
			);
			path = ViewModel;
			sourceTree = "<group>";
		};
/* End PBXGroup section */

/* Begin PBXNativeTarget section */
		086E448C28C94176009E0A03 /* GameRatingAppSwift */ = {
			isa = PBXNativeTarget;
			buildConfigurationList = 086E44BA28C94177009E0A03 /* Build configuration list for PBXNativeTarget "GameRatingAppSwift" */;
			buildPhases = (
				086E448928C94176009E0A03 /* Sources */,
				086E448A28C94176009E0A03 /* Frameworks */,
				086E448B28C94176009E0A03 /* Resources */,
			);
			buildRules = (
			);
			dependencies = (
			);
			name = GameRatingAppSwift;
			packageProductDependencies = (
				0882D6B728CCC58C008A469C /* Kingfisher */,
				0832EDD728DEF229009BE125 /* Alamofire */,
			);
			productName = GameRatingAppSwift;
			productReference = 086E448D28C94177009E0A03 /* GameRatingAppSwift.app */;
			productType = "com.apple.product-type.application";
		};
		086E44A528C94177009E0A03 /* GameRatingAppSwiftTests */ = {
			isa = PBXNativeTarget;
			buildConfigurationList = 086E44BD28C94177009E0A03 /* Build configuration list for PBXNativeTarget "GameRatingAppSwiftTests" */;
			buildPhases = (
				086E44A228C94177009E0A03 /* Sources */,
				086E44A328C94177009E0A03 /* Frameworks */,
				086E44A428C94177009E0A03 /* Resources */,
			);
			buildRules = (
			);
			dependencies = (
				086E44A828C94177009E0A03 /* PBXTargetDependency */,
			);
			name = GameRatingAppSwiftTests;
			productName = GameRatingAppSwiftTests;
			productReference = 086E44A628C94177009E0A03 /* GameRatingAppSwiftTests.xctest */;
			productType = "com.apple.product-type.bundle.unit-test";
		};
		086E44AF28C94177009E0A03 /* GameRatingAppSwiftUITests */ = {
			isa = PBXNativeTarget;
			buildConfigurationList = 086E44C028C94177009E0A03 /* Build configuration list for PBXNativeTarget "GameRatingAppSwiftUITests" */;
			buildPhases = (
				086E44AC28C94177009E0A03 /* Sources */,
				086E44AD28C94177009E0A03 /* Frameworks */,
				086E44AE28C94177009E0A03 /* Resources */,
			);
			buildRules = (
			);
			dependencies = (
				086E44B228C94177009E0A03 /* PBXTargetDependency */,
			);
			name = GameRatingAppSwiftUITests;
			productName = GameRatingAppSwiftUITests;
			productReference = 086E44B028C94177009E0A03 /* GameRatingAppSwiftUITests.xctest */;
			productType = "com.apple.product-type.bundle.ui-testing";
		};
/* End PBXNativeTarget section */

/* Begin PBXProject section */
		086E448528C94176009E0A03 /* Project object */ = {
			isa = PBXProject;
			attributes = {
				BuildIndependentTargetsInParallel = 1;
				LastSwiftUpdateCheck = 1330;
				LastUpgradeCheck = 1330;
				TargetAttributes = {
					086E448C28C94176009E0A03 = {
						CreatedOnToolsVersion = 13.3;
					};
					086E44A528C94177009E0A03 = {
						CreatedOnToolsVersion = 13.3;
						TestTargetID = 086E448C28C94176009E0A03;
					};
					086E44AF28C94177009E0A03 = {
						CreatedOnToolsVersion = 13.3;
						TestTargetID = 086E448C28C94176009E0A03;
					};
				};
			};
			buildConfigurationList = 086E448828C94176009E0A03 /* Build configuration list for PBXProject "GameRatingAppSwift" */;
			compatibilityVersion = "Xcode 13.0";
			developmentRegion = en;
			hasScannedForEncodings = 0;
			knownRegions = (
				en,
				Base,
			);
			mainGroup = 086E448428C94176009E0A03;
			packageReferences = (
				0882D6B628CCC58C008A469C /* XCRemoteSwiftPackageReference "Kingfisher" */,
				0832EDD628DEF229009BE125 /* XCRemoteSwiftPackageReference "Alamofire" */,
			);
			productRefGroup = 086E448E28C94177009E0A03 /* Products */;
			projectDirPath = "";
			projectRoot = "";
			targets = (
				086E448C28C94176009E0A03 /* GameRatingAppSwift */,
				086E44A528C94177009E0A03 /* GameRatingAppSwiftTests */,
				086E44AF28C94177009E0A03 /* GameRatingAppSwiftUITests */,
			);
		};
/* End PBXProject section */

/* Begin PBXResourcesBuildPhase section */
		086E448B28C94176009E0A03 /* Resources */ = {
			isa = PBXResourcesBuildPhase;
			buildActionMask = 2147483647;
			files = (
				086E44A028C94177009E0A03 /* LaunchScreen.storyboard in Resources */,
				086E449D28C94177009E0A03 /* Assets.xcassets in Resources */,
			);
			runOnlyForDeploymentPostprocessing = 0;
		};
		086E44A428C94177009E0A03 /* Resources */ = {
			isa = PBXResourcesBuildPhase;
			buildActionMask = 2147483647;
			files = (
			);
			runOnlyForDeploymentPostprocessing = 0;
		};
		086E44AE28C94177009E0A03 /* Resources */ = {
			isa = PBXResourcesBuildPhase;
			buildActionMask = 2147483647;
			files = (
			);
			runOnlyForDeploymentPostprocessing = 0;
		};
/* End PBXResourcesBuildPhase section */

/* Begin PBXSourcesBuildPhase section */
		086E448928C94176009E0A03 /* Sources */ = {
			isa = PBXSourcesBuildPhase;
			buildActionMask = 2147483647;
			files = (
				0832EDDE28DEF364009BE125 /* BaseResponse.swift in Sources */,
				0832EDD528DEF111009BE125 /* NetworkService+StringPath.swift in Sources */,
				0832EDE428DEFB22009BE125 /* ApplicationConstants.swift in Sources */,
				0832EDE228DEF40A009BE125 /* Codable+Alamofire.swift in Sources */,
				0832EDD028DEF0AD009BE125 /* NetworkService.swift in Sources */,
				0888EE5A28E4F56A005763AF /* HomeTableViewProtocol.swift in Sources */,
				0832EDF228DF2CE3009BE125 /* GameModel.swift in Sources */,
				086E449B28C94177009E0A03 /* GameRatingAppSwift.xcdatamodeld in Sources */,
				0832EDEC28DF1AC5009BE125 /* NetworkPath.swift in Sources */,
				0882D6B328CCAD9C008A469C /* UIScrollView+.swift in Sources */,
				0832EDEE28DF2844009BE125 /* HomeService.swift in Sources */,
				085817A028E4EC1A00BD13B1 /* HomeViewModelProtocol.swift in Sources */,
				0888EE5828E4F55F005763AF /* HomeDataSource.swift in Sources */,
				08C6AAE628CC6EB500B0000B /* FavoriteListVC.swift in Sources */,
				0832EDDA28DEF2CF009BE125 /* BaseConfig.swift in Sources */,
				08C6AAE428CC6E2900B0000B /* HomeVC.swift in Sources */,
				086E449128C94177009E0A03 /* AppDelegate.swift in Sources */,
				0882D6B128CCAD90008A469C /* UILabel+.swift in Sources */,
				0882D6B528CCADA5008A469C /* UIView+.swift in Sources */,
				0832EDE028DEF3B5009BE125 /* EmptyModel.swift in Sources */,
				0832EDE628DF00D1009BE125 /* StatusCodes.swift in Sources */,
				086E44D928C953DF009E0A03 /* HomeViewModel.swift in Sources */,
				0832EDD328DEF0E9009BE125 /* NetworkServiceProtocol.swift in Sources */,
				08C6AAEA28CC726B00B0000B /* SceneDelegate.swift in Sources */,
				0832EDE928DF0F27009BE125 /* NetworkManagerProtocol.swift in Sources */,
				0832EDDC28DEF302009BE125 /* BaseError.swift in Sources */,
				0832EDF028DF2855009BE125 /* HomeServiceProtocol.swift in Sources */,
			);
			runOnlyForDeploymentPostprocessing = 0;
		};
		086E44A228C94177009E0A03 /* Sources */ = {
			isa = PBXSourcesBuildPhase;
			buildActionMask = 2147483647;
			files = (
				086E44AB28C94177009E0A03 /* GameRatingAppSwiftTests.swift in Sources */,
			);
			runOnlyForDeploymentPostprocessing = 0;
		};
		086E44AC28C94177009E0A03 /* Sources */ = {
			isa = PBXSourcesBuildPhase;
			buildActionMask = 2147483647;
			files = (
				086E44B528C94177009E0A03 /* GameRatingAppSwiftUITests.swift in Sources */,
				086E44B728C94177009E0A03 /* GameRatingAppSwiftUITestsLaunchTests.swift in Sources */,
			);
			runOnlyForDeploymentPostprocessing = 0;
		};
/* End PBXSourcesBuildPhase section */

/* Begin PBXTargetDependency section */
		086E44A828C94177009E0A03 /* PBXTargetDependency */ = {
			isa = PBXTargetDependency;
			target = 086E448C28C94176009E0A03 /* GameRatingAppSwift */;
			targetProxy = 086E44A728C94177009E0A03 /* PBXContainerItemProxy */;
		};
		086E44B228C94177009E0A03 /* PBXTargetDependency */ = {
			isa = PBXTargetDependency;
			target = 086E448C28C94176009E0A03 /* GameRatingAppSwift */;
			targetProxy = 086E44B128C94177009E0A03 /* PBXContainerItemProxy */;
		};
/* End PBXTargetDependency section */

/* Begin PBXVariantGroup section */
		086E449E28C94177009E0A03 /* LaunchScreen.storyboard */ = {
			isa = PBXVariantGroup;
			children = (
				086E449F28C94177009E0A03 /* Base */,
			);
			name = LaunchScreen.storyboard;
			sourceTree = "<group>";
		};
/* End PBXVariantGroup section */

/* Begin XCBuildConfiguration section */
		086E44B828C94177009E0A03 /* Debug */ = {
			isa = XCBuildConfiguration;
			buildSettings = {
				ALWAYS_SEARCH_USER_PATHS = NO;
				CLANG_ANALYZER_NONNULL = YES;
				CLANG_ANALYZER_NUMBER_OBJECT_CONVERSION = YES_AGGRESSIVE;
				CLANG_CXX_LANGUAGE_STANDARD = "gnu++17";
				CLANG_ENABLE_MODULES = YES;
				CLANG_ENABLE_OBJC_ARC = YES;
				CLANG_ENABLE_OBJC_WEAK = YES;
				CLANG_WARN_BLOCK_CAPTURE_AUTORELEASING = YES;
				CLANG_WARN_BOOL_CONVERSION = YES;
				CLANG_WARN_COMMA = YES;
				CLANG_WARN_CONSTANT_CONVERSION = YES;
				CLANG_WARN_DEPRECATED_OBJC_IMPLEMENTATIONS = YES;
				CLANG_WARN_DIRECT_OBJC_ISA_USAGE = YES_ERROR;
				CLANG_WARN_DOCUMENTATION_COMMENTS = YES;
				CLANG_WARN_EMPTY_BODY = YES;
				CLANG_WARN_ENUM_CONVERSION = YES;
				CLANG_WARN_INFINITE_RECURSION = YES;
				CLANG_WARN_INT_CONVERSION = YES;
				CLANG_WARN_NON_LITERAL_NULL_CONVERSION = YES;
				CLANG_WARN_OBJC_IMPLICIT_RETAIN_SELF = YES;
				CLANG_WARN_OBJC_LITERAL_CONVERSION = YES;
				CLANG_WARN_OBJC_ROOT_CLASS = YES_ERROR;
				CLANG_WARN_QUOTED_INCLUDE_IN_FRAMEWORK_HEADER = YES;
				CLANG_WARN_RANGE_LOOP_ANALYSIS = YES;
				CLANG_WARN_STRICT_PROTOTYPES = YES;
				CLANG_WARN_SUSPICIOUS_MOVE = YES;
				CLANG_WARN_UNGUARDED_AVAILABILITY = YES_AGGRESSIVE;
				CLANG_WARN_UNREACHABLE_CODE = YES;
				CLANG_WARN__DUPLICATE_METHOD_MATCH = YES;
				COPY_PHASE_STRIP = NO;
				DEBUG_INFORMATION_FORMAT = dwarf;
				ENABLE_STRICT_OBJC_MSGSEND = YES;
				ENABLE_TESTABILITY = YES;
				GCC_C_LANGUAGE_STANDARD = gnu11;
				GCC_DYNAMIC_NO_PIC = NO;
				GCC_NO_COMMON_BLOCKS = YES;
				GCC_OPTIMIZATION_LEVEL = 0;
				GCC_PREPROCESSOR_DEFINITIONS = (
					"DEBUG=1",
					"$(inherited)",
				);
				GCC_WARN_64_TO_32_BIT_CONVERSION = YES;
				GCC_WARN_ABOUT_RETURN_TYPE = YES_ERROR;
				GCC_WARN_UNDECLARED_SELECTOR = YES;
				GCC_WARN_UNINITIALIZED_AUTOS = YES_AGGRESSIVE;
				GCC_WARN_UNUSED_FUNCTION = YES;
				GCC_WARN_UNUSED_VARIABLE = YES;
				IPHONEOS_DEPLOYMENT_TARGET = 15.4;
				MTL_ENABLE_DEBUG_INFO = INCLUDE_SOURCE;
				MTL_FAST_MATH = YES;
				ONLY_ACTIVE_ARCH = YES;
				SDKROOT = iphoneos;
				SWIFT_ACTIVE_COMPILATION_CONDITIONS = DEBUG;
				SWIFT_OPTIMIZATION_LEVEL = "-Onone";
			};
			name = Debug;
		};
		086E44B928C94177009E0A03 /* Release */ = {
			isa = XCBuildConfiguration;
			buildSettings = {
				ALWAYS_SEARCH_USER_PATHS = NO;
				CLANG_ANALYZER_NONNULL = YES;
				CLANG_ANALYZER_NUMBER_OBJECT_CONVERSION = YES_AGGRESSIVE;
				CLANG_CXX_LANGUAGE_STANDARD = "gnu++17";
				CLANG_ENABLE_MODULES = YES;
				CLANG_ENABLE_OBJC_ARC = YES;
				CLANG_ENABLE_OBJC_WEAK = YES;
				CLANG_WARN_BLOCK_CAPTURE_AUTORELEASING = YES;
				CLANG_WARN_BOOL_CONVERSION = YES;
				CLANG_WARN_COMMA = YES;
				CLANG_WARN_CONSTANT_CONVERSION = YES;
				CLANG_WARN_DEPRECATED_OBJC_IMPLEMENTATIONS = YES;
				CLANG_WARN_DIRECT_OBJC_ISA_USAGE = YES_ERROR;
				CLANG_WARN_DOCUMENTATION_COMMENTS = YES;
				CLANG_WARN_EMPTY_BODY = YES;
				CLANG_WARN_ENUM_CONVERSION = YES;
				CLANG_WARN_INFINITE_RECURSION = YES;
				CLANG_WARN_INT_CONVERSION = YES;
				CLANG_WARN_NON_LITERAL_NULL_CONVERSION = YES;
				CLANG_WARN_OBJC_IMPLICIT_RETAIN_SELF = YES;
				CLANG_WARN_OBJC_LITERAL_CONVERSION = YES;
				CLANG_WARN_OBJC_ROOT_CLASS = YES_ERROR;
				CLANG_WARN_QUOTED_INCLUDE_IN_FRAMEWORK_HEADER = YES;
				CLANG_WARN_RANGE_LOOP_ANALYSIS = YES;
				CLANG_WARN_STRICT_PROTOTYPES = YES;
				CLANG_WARN_SUSPICIOUS_MOVE = YES;
				CLANG_WARN_UNGUARDED_AVAILABILITY = YES_AGGRESSIVE;
				CLANG_WARN_UNREACHABLE_CODE = YES;
				CLANG_WARN__DUPLICATE_METHOD_MATCH = YES;
				COPY_PHASE_STRIP = NO;
				DEBUG_INFORMATION_FORMAT = "dwarf-with-dsym";
				ENABLE_NS_ASSERTIONS = NO;
				ENABLE_STRICT_OBJC_MSGSEND = YES;
				GCC_C_LANGUAGE_STANDARD = gnu11;
				GCC_NO_COMMON_BLOCKS = YES;
				GCC_WARN_64_TO_32_BIT_CONVERSION = YES;
				GCC_WARN_ABOUT_RETURN_TYPE = YES_ERROR;
				GCC_WARN_UNDECLARED_SELECTOR = YES;
				GCC_WARN_UNINITIALIZED_AUTOS = YES_AGGRESSIVE;
				GCC_WARN_UNUSED_FUNCTION = YES;
				GCC_WARN_UNUSED_VARIABLE = YES;
				IPHONEOS_DEPLOYMENT_TARGET = 15.4;
				MTL_ENABLE_DEBUG_INFO = NO;
				MTL_FAST_MATH = YES;
				SDKROOT = iphoneos;
				SWIFT_COMPILATION_MODE = wholemodule;
				SWIFT_OPTIMIZATION_LEVEL = "-O";
				VALIDATE_PRODUCT = YES;
			};
			name = Release;
		};
		086E44BB28C94177009E0A03 /* Debug */ = {
			isa = XCBuildConfiguration;
			buildSettings = {
				ASSETCATALOG_COMPILER_APPICON_NAME = AppIcon;
				ASSETCATALOG_COMPILER_GLOBAL_ACCENT_COLOR_NAME = AccentColor;
				CODE_SIGN_STYLE = Automatic;
				CURRENT_PROJECT_VERSION = 1;
				DEVELOPMENT_TEAM = CFVDGKJNN6;
				GENERATE_INFOPLIST_FILE = YES;
				INFOPLIST_FILE = GameRatingAppSwift/Info.plist;
				INFOPLIST_KEY_UIApplicationSupportsIndirectInputEvents = YES;
				INFOPLIST_KEY_UILaunchStoryboardName = LaunchScreen;
				INFOPLIST_KEY_UISupportedInterfaceOrientations = UIInterfaceOrientationPortrait;
				INFOPLIST_KEY_UISupportedInterfaceOrientations_iPad = "UIInterfaceOrientationPortrait UIInterfaceOrientationPortraitUpsideDown UIInterfaceOrientationLandscapeLeft UIInterfaceOrientationLandscapeRight";
				INFOPLIST_KEY_UISupportedInterfaceOrientations_iPhone = "UIInterfaceOrientationPortrait UIInterfaceOrientationLandscapeLeft UIInterfaceOrientationLandscapeRight";
				LD_RUNPATH_SEARCH_PATHS = (
					"$(inherited)",
					"@executable_path/Frameworks",
				);
				MARKETING_VERSION = 1.0;
				PRODUCT_BUNDLE_IDENTIFIER = com.mustafacicek.GameRatingAppSwift;
				PRODUCT_NAME = "$(TARGET_NAME)";
				SWIFT_EMIT_LOC_STRINGS = YES;
				SWIFT_VERSION = 5.0;
				TARGETED_DEVICE_FAMILY = "1,2";
			};
			name = Debug;
		};
		086E44BC28C94177009E0A03 /* Release */ = {
			isa = XCBuildConfiguration;
			buildSettings = {
				ASSETCATALOG_COMPILER_APPICON_NAME = AppIcon;
				ASSETCATALOG_COMPILER_GLOBAL_ACCENT_COLOR_NAME = AccentColor;
				CODE_SIGN_STYLE = Automatic;
				CURRENT_PROJECT_VERSION = 1;
				DEVELOPMENT_TEAM = CFVDGKJNN6;
				GENERATE_INFOPLIST_FILE = YES;
				INFOPLIST_FILE = GameRatingAppSwift/Info.plist;
				INFOPLIST_KEY_UIApplicationSupportsIndirectInputEvents = YES;
				INFOPLIST_KEY_UILaunchStoryboardName = LaunchScreen;
				INFOPLIST_KEY_UISupportedInterfaceOrientations = UIInterfaceOrientationPortrait;
				INFOPLIST_KEY_UISupportedInterfaceOrientations_iPad = "UIInterfaceOrientationPortrait UIInterfaceOrientationPortraitUpsideDown UIInterfaceOrientationLandscapeLeft UIInterfaceOrientationLandscapeRight";
				INFOPLIST_KEY_UISupportedInterfaceOrientations_iPhone = "UIInterfaceOrientationPortrait UIInterfaceOrientationLandscapeLeft UIInterfaceOrientationLandscapeRight";
				LD_RUNPATH_SEARCH_PATHS = (
					"$(inherited)",
					"@executable_path/Frameworks",
				);
				MARKETING_VERSION = 1.0;
				PRODUCT_BUNDLE_IDENTIFIER = com.mustafacicek.GameRatingAppSwift;
				PRODUCT_NAME = "$(TARGET_NAME)";
				SWIFT_EMIT_LOC_STRINGS = YES;
				SWIFT_VERSION = 5.0;
				TARGETED_DEVICE_FAMILY = "1,2";
			};
			name = Release;
		};
		086E44BE28C94177009E0A03 /* Debug */ = {
			isa = XCBuildConfiguration;
			buildSettings = {
				ALWAYS_EMBED_SWIFT_STANDARD_LIBRARIES = YES;
				BUNDLE_LOADER = "$(TEST_HOST)";
				CODE_SIGN_STYLE = Automatic;
				CURRENT_PROJECT_VERSION = 1;
				DEVELOPMENT_TEAM = CFVDGKJNN6;
				GENERATE_INFOPLIST_FILE = YES;
				IPHONEOS_DEPLOYMENT_TARGET = 15.4;
				MARKETING_VERSION = 1.0;
				PRODUCT_BUNDLE_IDENTIFIER = com.mustafacicek.GameRatingAppSwiftTests;
				PRODUCT_NAME = "$(TARGET_NAME)";
				SWIFT_EMIT_LOC_STRINGS = NO;
				SWIFT_VERSION = 5.0;
				TARGETED_DEVICE_FAMILY = "1,2";
				TEST_HOST = "$(BUILT_PRODUCTS_DIR)/GameRatingAppSwift.app/GameRatingAppSwift";
			};
			name = Debug;
		};
		086E44BF28C94177009E0A03 /* Release */ = {
			isa = XCBuildConfiguration;
			buildSettings = {
				ALWAYS_EMBED_SWIFT_STANDARD_LIBRARIES = YES;
				BUNDLE_LOADER = "$(TEST_HOST)";
				CODE_SIGN_STYLE = Automatic;
				CURRENT_PROJECT_VERSION = 1;
				DEVELOPMENT_TEAM = CFVDGKJNN6;
				GENERATE_INFOPLIST_FILE = YES;
				IPHONEOS_DEPLOYMENT_TARGET = 15.4;
				MARKETING_VERSION = 1.0;
				PRODUCT_BUNDLE_IDENTIFIER = com.mustafacicek.GameRatingAppSwiftTests;
				PRODUCT_NAME = "$(TARGET_NAME)";
				SWIFT_EMIT_LOC_STRINGS = NO;
				SWIFT_VERSION = 5.0;
				TARGETED_DEVICE_FAMILY = "1,2";
				TEST_HOST = "$(BUILT_PRODUCTS_DIR)/GameRatingAppSwift.app/GameRatingAppSwift";
			};
			name = Release;
		};
		086E44C128C94177009E0A03 /* Debug */ = {
			isa = XCBuildConfiguration;
			buildSettings = {
				ALWAYS_EMBED_SWIFT_STANDARD_LIBRARIES = YES;
				CODE_SIGN_STYLE = Automatic;
				CURRENT_PROJECT_VERSION = 1;
				DEVELOPMENT_TEAM = CFVDGKJNN6;
				GENERATE_INFOPLIST_FILE = YES;
				MARKETING_VERSION = 1.0;
				PRODUCT_BUNDLE_IDENTIFIER = com.mustafacicek.GameRatingAppSwiftUITests;
				PRODUCT_NAME = "$(TARGET_NAME)";
				SWIFT_EMIT_LOC_STRINGS = NO;
				SWIFT_VERSION = 5.0;
				TARGETED_DEVICE_FAMILY = "1,2";
				TEST_TARGET_NAME = GameRatingAppSwift;
			};
			name = Debug;
		};
		086E44C228C94177009E0A03 /* Release */ = {
			isa = XCBuildConfiguration;
			buildSettings = {
				ALWAYS_EMBED_SWIFT_STANDARD_LIBRARIES = YES;
				CODE_SIGN_STYLE = Automatic;
				CURRENT_PROJECT_VERSION = 1;
				DEVELOPMENT_TEAM = CFVDGKJNN6;
				GENERATE_INFOPLIST_FILE = YES;
				MARKETING_VERSION = 1.0;
				PRODUCT_BUNDLE_IDENTIFIER = com.mustafacicek.GameRatingAppSwiftUITests;
				PRODUCT_NAME = "$(TARGET_NAME)";
				SWIFT_EMIT_LOC_STRINGS = NO;
				SWIFT_VERSION = 5.0;
				TARGETED_DEVICE_FAMILY = "1,2";
				TEST_TARGET_NAME = GameRatingAppSwift;
			};
			name = Release;
		};
/* End XCBuildConfiguration section */

/* Begin XCConfigurationList section */
		086E448828C94176009E0A03 /* Build configuration list for PBXProject "GameRatingAppSwift" */ = {
			isa = XCConfigurationList;
			buildConfigurations = (
				086E44B828C94177009E0A03 /* Debug */,
				086E44B928C94177009E0A03 /* Release */,
			);
			defaultConfigurationIsVisible = 0;
			defaultConfigurationName = Release;
		};
		086E44BA28C94177009E0A03 /* Build configuration list for PBXNativeTarget "GameRatingAppSwift" */ = {
			isa = XCConfigurationList;
			buildConfigurations = (
				086E44BB28C94177009E0A03 /* Debug */,
				086E44BC28C94177009E0A03 /* Release */,
			);
			defaultConfigurationIsVisible = 0;
			defaultConfigurationName = Release;
		};
		086E44BD28C94177009E0A03 /* Build configuration list for PBXNativeTarget "GameRatingAppSwiftTests" */ = {
			isa = XCConfigurationList;
			buildConfigurations = (
				086E44BE28C94177009E0A03 /* Debug */,
				086E44BF28C94177009E0A03 /* Release */,
			);
			defaultConfigurationIsVisible = 0;
			defaultConfigurationName = Release;
		};
		086E44C028C94177009E0A03 /* Build configuration list for PBXNativeTarget "GameRatingAppSwiftUITests" */ = {
			isa = XCConfigurationList;
			buildConfigurations = (
				086E44C128C94177009E0A03 /* Debug */,
				086E44C228C94177009E0A03 /* Release */,
			);
			defaultConfigurationIsVisible = 0;
			defaultConfigurationName = Release;
		};
/* End XCConfigurationList section */

/* Begin XCRemoteSwiftPackageReference section */
		0832EDD628DEF229009BE125 /* XCRemoteSwiftPackageReference "Alamofire" */ = {
			isa = XCRemoteSwiftPackageReference;
			repositoryURL = "https://github.com/Alamofire/Alamofire.git";
			requirement = {
				branch = master;
				kind = branch;
			};
		};
		0882D6B628CCC58C008A469C /* XCRemoteSwiftPackageReference "Kingfisher" */ = {
			isa = XCRemoteSwiftPackageReference;
			repositoryURL = "https://github.com/onevcat/Kingfisher.git";
			requirement = {
				branch = master;
				kind = branch;
			};
		};
/* End XCRemoteSwiftPackageReference section */

/* Begin XCSwiftPackageProductDependency section */
		0832EDD728DEF229009BE125 /* Alamofire */ = {
			isa = XCSwiftPackageProductDependency;
			package = 0832EDD628DEF229009BE125 /* XCRemoteSwiftPackageReference "Alamofire" */;
			productName = Alamofire;
		};
		0882D6B728CCC58C008A469C /* Kingfisher */ = {
			isa = XCSwiftPackageProductDependency;
			package = 0882D6B628CCC58C008A469C /* XCRemoteSwiftPackageReference "Kingfisher" */;
			productName = Kingfisher;
		};
/* End XCSwiftPackageProductDependency section */

/* Begin XCVersionGroup section */
		086E449928C94177009E0A03 /* GameRatingAppSwift.xcdatamodeld */ = {
			isa = XCVersionGroup;
			children = (
				086E449A28C94177009E0A03 /* GameRatingAppSwift.xcdatamodel */,
			);
			currentVersion = 086E449A28C94177009E0A03 /* GameRatingAppSwift.xcdatamodel */;
			path = GameRatingAppSwift.xcdatamodeld;
			sourceTree = "<group>";
			versionGroupType = wrapper.xcdatamodel;
		};
/* End XCVersionGroup section */
	};
	rootObject = 086E448528C94176009E0A03 /* Project object */;
}
